
Microsoft Visual Studio Solution File, Format Version 12.00
# Visual Studio Version 17
VisualStudioVersion = 17.11.34909.67
MinimumVisualStudioVersion = 10.0.40219.1
Project("{FAE04EC0-301F-11D3-BF4B-00C04F79EFBC}") = "TelegrammBot", "TelegrammBot\TelegrammBot.csproj", "{28D43A03-2457-4D06-BA4C-0472275CD704}"
EndProject
Global
	GlobalSection(SolutionConfigurationPlatforms) = preSolution
		Debug|Any CPU = Debug|Any CPU
		Release|Any CPU = Release|Any CPU
	EndGlobalSection
	GlobalSection(ProjectConfigurationPlatforms) = postSolution
		{28D43A03-2457-4D06-BA4C-0472275CD704}.Debug|Any CPU.ActiveCfg = Debug|Any CPU
		{28D43A03-2457-4D06-BA4C-0472275CD704}.Debug|Any CPU.Build.0 = Debug|Any CPU
		{28D43A03-2457-4D06-BA4C-0472275CD704}.Release|Any CPU.ActiveCfg = Release|Any CPU
		{28D43A03-2457-4D06-BA4C-0472275CD704}.Release|Any CPU.Build.0 = Release|Any CPU
	EndGlobalSection
	GlobalSection(SolutionProperties) = preSolution
		HideSolutionNode = FALSE
	EndGlobalSection
	GlobalSection(ExtensibilityGlobals) = postSolution
		SolutionGuid = {C1BCCF0D-F385-4CB9-A7FC-1365EF72BE1B}
	EndGlobalSection
EndGlobal
